
Microsoft Visual Studio Solution File, Format Version 12.00
# Visual Studio Version 17
VisualStudioVersion = 17.3.32922.545
MinimumVisualStudioVersion = 10.0.40219.1
Project("{FAE04EC0-301F-11D3-BF4B-00C04F79EFBC}") = "Linq_feladat", "Linq_feladat.csproj", "{5A80BED6-9C12-4A53-A5DC-DC4E00EE0A8C}"
EndProject
Global
	GlobalSection(SolutionConfigurationPlatforms) = preSolution
		Debug|Any CPU = Debug|Any CPU
		Release|Any CPU = Release|Any CPU
	EndGlobalSection
	GlobalSection(ProjectConfigurationPlatforms) = postSolution
		{5A80BED6-9C12-4A53-A5DC-DC4E00EE0A8C}.Debug|Any CPU.ActiveCfg = Debug|Any CPU
		{5A80BED6-9C12-4A53-A5DC-DC4E00EE0A8C}.Debug|Any CPU.Build.0 = Debug|Any CPU
		{5A80BED6-9C12-4A53-A5DC-DC4E00EE0A8C}.Release|Any CPU.ActiveCfg = Release|Any CPU
		{5A80BED6-9C12-4A53-A5DC-DC4E00EE0A8C}.Release|Any CPU.Build.0 = Release|Any CPU
	EndGlobalSection
	GlobalSection(SolutionProperties) = preSolution
		HideSolutionNode = FALSE
	EndGlobalSection
	GlobalSection(ExtensibilityGlobals) = postSolution
		SolutionGuid = {B426519E-E95F-4AFD-B2E5-64FDB1921605}
	EndGlobalSection
EndGlobal
